// !$*UTF8*$!
{
	archiveVersion = 1;
	classes = {
	};
	objectVersion = 46;
	objects = {

/* Begin PBXBuildFile section */
		A509E26D1B4ADD77009ACAB5 /* Unicorn.svg in Resources */ = {isa = PBXBuildFile; fileRef = A509E26C1B4ADD77009ACAB5 /* Unicorn.svg */; };
		A5112C081B2D019F00215DA2 /* OBShapedButton.m in Sources */ = {isa = PBXBuildFile; fileRef = A5112C051B2D019F00215DA2 /* OBShapedButton.m */; };
		A5112C091B2D019F00215DA2 /* UIImage+ColorAtPixel.m in Sources */ = {isa = PBXBuildFile; fileRef = A5112C071B2D019F00215DA2 /* UIImage+ColorAtPixel.m */; };
		A5112C161B2D0E7F00215DA2 /* OBShapedView.m in Sources */ = {isa = PBXBuildFile; fileRef = A5112C151B2D0E7F00215DA2 /* OBShapedView.m */; };
		A524752D1B3E0A26002E0B7B /* TitleScreenViewController.swift in Sources */ = {isa = PBXBuildFile; fileRef = A524752C1B3E0A26002E0B7B /* TitleScreenViewController.swift */; };
		A532ADE11B27959F00A46930 /* Card.swift in Sources */ = {isa = PBXBuildFile; fileRef = A532ADE01B27959F00A46930 /* Card.swift */; };
		A53600621B351EAC00443B93 /* SVGKit.framework in Frameworks */ = {isa = PBXBuildFile; fileRef = A536005B1B351E0600443B93 /* SVGKit.framework */; };
		A53600631B351EAC00443B93 /* SVGKit.framework in Embed Frameworks */ = {isa = PBXBuildFile; fileRef = A536005B1B351E0600443B93 /* SVGKit.framework */; settings = {ATTRIBUTES = (CodeSignOnCopy, RemoveHeadersOnCopy, ); }; };
		A536FE771B350D2C00443B93 /* ColoringBookViewController.m in Sources */ = {isa = PBXBuildFile; fileRef = A536FE731B350D2C00443B93 /* ColoringBookViewController.m */; };
		A53B32311B541A4500A588B3 /* MrSkunkLevel6.swift in Sources */ = {isa = PBXBuildFile; fileRef = A53B322F1B541A4500A588B3 /* MrSkunkLevel6.swift */; };
		A53B32321B541A4500A588B3 /* MrSkunkLevel6.sks in Resources */ = {isa = PBXBuildFile; fileRef = A53B32301B541A4500A588B3 /* MrSkunkLevel6.sks */; };
		A54E0B251B51EADC001CC505 /* Level5Back.jpg in Resources */ = {isa = PBXBuildFile; fileRef = A54E0B241B51EADC001CC505 /* Level5Back.jpg */; };
		A54E0B281B51EB47001CC505 /* MrSkunkLevel5.swift in Sources */ = {isa = PBXBuildFile; fileRef = A54E0B271B51EB47001CC505 /* MrSkunkLevel5.swift */; };
		A54E0B2A1B51EB66001CC505 /* MrSkunkLevel5.sks in Resources */ = {isa = PBXBuildFile; fileRef = A54E0B291B51EB66001CC505 /* MrSkunkLevel5.sks */; };
		A54E0B2C1B51ECB2001CC505 /* Arrow.png in Resources */ = {isa = PBXBuildFile; fileRef = A54E0B2B1B51ECB2001CC505 /* Arrow.png */; };
		A5554D4C1B3239AE002B06E5 /* QuartzCore.framework in Frameworks */ = {isa = PBXBuildFile; fileRef = A5554D4B1B3239AE002B06E5 /* QuartzCore.framework */; };
		A556567D1B5178A700B46489 /* MrSkunkLevel4.swift in Sources */ = {isa = PBXBuildFile; fileRef = A556567C1B5178A700B46489 /* MrSkunkLevel4.swift */; };
		A55656801B5178B800B46489 /* MrSkunkLevel4.sks in Resources */ = {isa = PBXBuildFile; fileRef = A556567F1B5178B800B46489 /* MrSkunkLevel4.sks */; };
		A55656821B517DA900B46489 /* Level4Back.jpg in Resources */ = {isa = PBXBuildFile; fileRef = A55656811B517DA900B46489 /* Level4Back.jpg */; };
		A558C3E31B473FEC00FDBB8B /* RocketShip.svg in Resources */ = {isa = PBXBuildFile; fileRef = A558C3E21B473FEC00FDBB8B /* RocketShip.svg */; };
		A558C3E91B47527100FDBB8B /* AboutViewController.swift in Sources */ = {isa = PBXBuildFile; fileRef = A558C3E81B47527100FDBB8B /* AboutViewController.swift */; };
		A56915871B4F329C0093B6C2 /* MrSkunkMapView.swift in Sources */ = {isa = PBXBuildFile; fileRef = A56915861B4F329C0093B6C2 /* MrSkunkMapView.swift */; };
		A56E0ECF1B4DA6D2006F819F /* MrSkunkLevel2.swift in Sources */ = {isa = PBXBuildFile; fileRef = A56E0ECE1B4DA6D2006F819F /* MrSkunkLevel2.swift */; };
		A56E0ED11B4DA72A006F819F /* MrSkunkLevel2.sks in Resources */ = {isa = PBXBuildFile; fileRef = A56E0ED01B4DA72A006F819F /* MrSkunkLevel2.sks */; };
		A57340901B557EB4000EFA8D /* Level7Back.jpg in Resources */ = {isa = PBXBuildFile; fileRef = A573408F1B557EB4000EFA8D /* Level7Back.jpg */; };
		A57340931B557F04000EFA8D /* MrSkunkLevel7.swift in Sources */ = {isa = PBXBuildFile; fileRef = A57340921B557F04000EFA8D /* MrSkunkLevel7.swift */; };
		A57340951B557F27000EFA8D /* MrSkunkLevel7.sks in Resources */ = {isa = PBXBuildFile; fileRef = A57340941B557F27000EFA8D /* MrSkunkLevel7.sks */; };
		A5925F551B41CB42000E8FF8 /* MrSkunkViewController.swift in Sources */ = {isa = PBXBuildFile; fileRef = A5925F541B41CB42000E8FF8 /* MrSkunkViewController.swift */; };
		A5925F591B41CE7A000E8FF8 /* MrSkunkLevel1.swift in Sources */ = {isa = PBXBuildFile; fileRef = A5925F581B41CE7A000E8FF8 /* MrSkunkLevel1.swift */; };
		A595C3E11B3B0A2E001C6040 /* PaletteViewController.m in Sources */ = {isa = PBXBuildFile; fileRef = A595C3E01B3B0A2E001C6040 /* PaletteViewController.m */; };
		A595C3E41B3B0B53001C6040 /* EmitterTestViewController.m in Sources */ = {isa = PBXBuildFile; fileRef = A595C3E31B3B0B53001C6040 /* EmitterTestViewController.m */; };
		A595C3EA1B3B4990001C6040 /* SuperMario256.ttf in Resources */ = {isa = PBXBuildFile; fileRef = A595C3E91B3B4990001C6040 /* SuperMario256.ttf */; };
		A5A633D41B4836A900728E65 /* MrSkunk.atlas in Resources */ = {isa = PBXBuildFile; fileRef = A5A633D31B4836A900728E65 /* MrSkunk.atlas */; };
		A5A633D91B48438C00728E65 /* MrSkunkLevel1.sks in Resources */ = {isa = PBXBuildFile; fileRef = A5A633D81B48438C00728E65 /* MrSkunkLevel1.sks */; };
		A5B85EB51B276636008012F7 /* AppDelegate.swift in Sources */ = {isa = PBXBuildFile; fileRef = A5B85EB41B276636008012F7 /* AppDelegate.swift */; };
		A5B85EC01B276636008012F7 /* Images.xcassets in Resources */ = {isa = PBXBuildFile; fileRef = A5B85EBF1B276636008012F7 /* Images.xcassets */; };
		A5B85EC31B276636008012F7 /* LaunchScreen.xib in Resources */ = {isa = PBXBuildFile; fileRef = A5B85EC11B276636008012F7 /* LaunchScreen.xib */; };
		A5B85ECF1B276636008012F7 /* EduFunTests.swift in Sources */ = {isa = PBXBuildFile; fileRef = A5B85ECE1B276636008012F7 /* EduFunTests.swift */; };
		A5B85ED91B2767E3008012F7 /* MemoryGameViewController.swift in Sources */ = {isa = PBXBuildFile; fileRef = A5B85ED81B2767E3008012F7 /* MemoryGameViewController.swift */; };
		A5BEBB121B5074CA00C2363C /* YouWin.png in Resources */ = {isa = PBXBuildFile; fileRef = A5BEBB111B5074CA00C2363C /* YouWin.png */; };
		A5C4B2991B50250500016C02 /* MrSkunkLevelScene.swift in Sources */ = {isa = PBXBuildFile; fileRef = A5C4B2981B50250500016C02 /* MrSkunkLevelScene.swift */; };
		A5C4B29C1B50694E00016C02 /* MrSkunkWinScene.swift in Sources */ = {isa = PBXBuildFile; fileRef = A5C4B29B1B50694E00016C02 /* MrSkunkWinScene.swift */; };
		A5C4B29F1B506D6800016C02 /* MrSkunkWinScene.sks in Resources */ = {isa = PBXBuildFile; fileRef = A5C4B29E1B506D6800016C02 /* MrSkunkWinScene.sks */; };
		A5C4B2A11B506FCA00016C02 /* YouWinBack.jpg in Resources */ = {isa = PBXBuildFile; fileRef = A5C4B2A01B506FCA00016C02 /* YouWinBack.jpg */; };
		A5C957171B542E6400E8BC50 /* Level6Back.jpg in Resources */ = {isa = PBXBuildFile; fileRef = A5C957161B542E6400E8BC50 /* Level6Back.jpg */; };
		A5C957191B5440FA00E8BC50 /* Level1Back.jpg in Resources */ = {isa = PBXBuildFile; fileRef = A5C957181B5440FA00E8BC50 /* Level1Back.jpg */; };
		A5CA0F4F1B2F64CA008BD79D /* UIImage+Resize.m in Sources */ = {isa = PBXBuildFile; fileRef = A5CA0F4E1B2F64CA008BD79D /* UIImage+Resize.m */; };
		A5CA0F541B2F67FA008BD79D /* UIImage+Resize.m in Sources */ = {isa = PBXBuildFile; fileRef = A5CA0F511B2F67FA008BD79D /* UIImage+Resize.m */; };
		A5CA0F551B2F67FA008BD79D /* UIImage+RoundedCorner.m in Sources */ = {isa = PBXBuildFile; fileRef = A5CA0F531B2F67FA008BD79D /* UIImage+RoundedCorner.m */; };
		A5CA2C391B4F550600FD614B /* Lock.png in Resources */ = {isa = PBXBuildFile; fileRef = A5CA2C371B4F550600FD614B /* Lock.png */; };
		A5CA2C3A1B4F550600FD614B /* MapBlank.png in Resources */ = {isa = PBXBuildFile; fileRef = A5CA2C381B4F550600FD614B /* MapBlank.png */; };
		A5CBB8FC1B4DF17500A446FE /* MrSkunkLevel3.swift in Sources */ = {isa = PBXBuildFile; fileRef = A5CBB8FB1B4DF17500A446FE /* MrSkunkLevel3.swift */; };
		A5CBB8FF1B4DF18A00A446FE /* MrSkunkLevel3.sks in Resources */ = {isa = PBXBuildFile; fileRef = A5CBB8FE1B4DF18A00A446FE /* MrSkunkLevel3.sks */; };
		A5CBB9011B4DFC0500A446FE /* Level3Back.jpg in Resources */ = {isa = PBXBuildFile; fileRef = A5CBB9001B4DFC0500A446FE /* Level3Back.jpg */; };
		A5CBB9031B4E001800A446FE /* Level2Back.jpg in Resources */ = {isa = PBXBuildFile; fileRef = A5CBB9021B4E001800A446FE /* Level2Back.jpg */; };
		A5DB888F1B3B707D00B8CA08 /* THLabel.m in Sources */ = {isa = PBXBuildFile; fileRef = A5DB888E1B3B707D00B8CA08 /* THLabel.m */; };
		A5E3C5A01B4AF9E5000D023F /* ASAttributedLabelNode.swift in Sources */ = {isa = PBXBuildFile; fileRef = A5E3C59F1B4AF9E5000D023F /* ASAttributedLabelNode.swift */; };
		A5EB8DF51B3CC765009A8A3A /* THButton.swift in Sources */ = {isa = PBXBuildFile; fileRef = A5EB8DF41B3CC765009A8A3A /* THButton.swift */; };
		A5EB8DF81B3CCF39009A8A3A /* Global.swift in Sources */ = {isa = PBXBuildFile; fileRef = A5EB8DF71B3CCF39009A8A3A /* Global.swift */; };
		A5EBCCC51B361F0E006E52D6 /* mtnHouse.svg in Resources */ = {isa = PBXBuildFile; fileRef = A5EBCCC41B361F0E006E52D6 /* mtnHouse.svg */; };
/* End PBXBuildFile section */

/* Begin PBXContainerItemProxy section */
		A536005A1B351E0600443B93 /* PBXContainerItemProxy */ = {
			isa = PBXContainerItemProxy;
			containerPortal = A53600551B351E0600443B93 /* SVGKit.xcodeproj */;
			proxyType = 2;
			remoteGlobalIDString = A536FE841B35140E00443B93;
			remoteInfo = SVGKit;
		};
		A536005C1B351E0600443B93 /* PBXContainerItemProxy */ = {
			isa = PBXContainerItemProxy;
			containerPortal = A53600551B351E0600443B93 /* SVGKit.xcodeproj */;
			proxyType = 2;
			remoteGlobalIDString = A536FE8F1B35140E00443B93;
			remoteInfo = SVGKitTests;
		};
		A53600641B351EAC00443B93 /* PBXContainerItemProxy */ = {
			isa = PBXContainerItemProxy;
			containerPortal = A53600551B351E0600443B93 /* SVGKit.xcodeproj */;
			proxyType = 1;
			remoteGlobalIDString = A536FE831B35140E00443B93;
			remoteInfo = SVGKit;
		};
		A5B85EC91B276636008012F7 /* PBXContainerItemProxy */ = {
			isa = PBXContainerItemProxy;
			containerPortal = A5B85EA71B276636008012F7 /* Project object */;
			proxyType = 1;
			remoteGlobalIDString = A5B85EAE1B276636008012F7;
			remoteInfo = EduFun;
		};
/* End PBXContainerItemProxy section */

/* Begin PBXCopyFilesBuildPhase section */
		A53600661B351EAC00443B93 /* Embed Frameworks */ = {
			isa = PBXCopyFilesBuildPhase;
			buildActionMask = 2147483647;
			dstPath = "";
			dstSubfolderSpec = 10;
			files = (
				A53600631B351EAC00443B93 /* SVGKit.framework in Embed Frameworks */,
			);
			name = "Embed Frameworks";
			runOnlyForDeploymentPostprocessing = 0;
		};
/* End PBXCopyFilesBuildPhase section */

/* Begin PBXFileReference section */
		A509E26C1B4ADD77009ACAB5 /* Unicorn.svg */ = {isa = PBXFileReference; fileEncoding = 4; lastKnownFileType = text.xml; name = Unicorn.svg; path = Art/Unicorn.svg; sourceTree = "<group>"; };
		A5112C041B2D018D00215DA2 /* OBShapedButton.h */ = {isa = PBXFileReference; fileEncoding = 4; lastKnownFileType = sourcecode.c.h; path = OBShapedButton.h; sourceTree = "<group>"; };
		A5112C051B2D019F00215DA2 /* OBShapedButton.m */ = {isa = PBXFileReference; fileEncoding = 4; lastKnownFileType = sourcecode.c.objc; path = OBShapedButton.m; sourceTree = "<group>"; };
		A5112C061B2D019F00215DA2 /* UIImage+ColorAtPixel.h */ = {isa = PBXFileReference; fileEncoding = 4; lastKnownFileType = sourcecode.c.h; path = "UIImage+ColorAtPixel.h"; sourceTree = "<group>"; };
		A5112C071B2D019F00215DA2 /* UIImage+ColorAtPixel.m */ = {isa = PBXFileReference; fileEncoding = 4; lastKnownFileType = sourcecode.c.objc; path = "UIImage+ColorAtPixel.m"; sourceTree = "<group>"; };
		A5112C0E1B2D030200215DA2 /* Header.h */ = {isa = PBXFileReference; fileEncoding = 4; lastKnownFileType = sourcecode.c.h; name = Header.h; path = ../Header.h; sourceTree = "<group>"; };
		A5112C141B2D0E7F00215DA2 /* OBShapedView.h */ = {isa = PBXFileReference; fileEncoding = 4; lastKnownFileType = sourcecode.c.h; path = OBShapedView.h; sourceTree = "<group>"; };
		A5112C151B2D0E7F00215DA2 /* OBShapedView.m */ = {isa = PBXFileReference; fileEncoding = 4; lastKnownFileType = sourcecode.c.objc; path = OBShapedView.m; sourceTree = "<group>"; };
		A524752C1B3E0A26002E0B7B /* TitleScreenViewController.swift */ = {isa = PBXFileReference; fileEncoding = 4; lastKnownFileType = sourcecode.swift; path = TitleScreenViewController.swift; sourceTree = "<group>"; };
		A532ADE01B27959F00A46930 /* Card.swift */ = {isa = PBXFileReference; fileEncoding = 4; lastKnownFileType = sourcecode.swift; path = Card.swift; sourceTree = "<group>"; };
		A53600551B351E0600443B93 /* SVGKit.xcodeproj */ = {isa = PBXFileReference; lastKnownFileType = "wrapper.pb-project"; name = SVGKit.xcodeproj; path = SVGKit/SVGKit.xcodeproj; sourceTree = "<group>"; };
		A536FE721B350D2C00443B93 /* ColoringBookViewController.h */ = {isa = PBXFileReference; fileEncoding = 4; lastKnownFileType = sourcecode.c.h; name = ColoringBookViewController.h; path = ../ColoringBookViewController.h; sourceTree = "<group>"; };
		A536FE731B350D2C00443B93 /* ColoringBookViewController.m */ = {isa = PBXFileReference; fileEncoding = 4; lastKnownFileType = sourcecode.c.objc; name = ColoringBookViewController.m; path = ../ColoringBookViewController.m; sourceTree = "<group>"; };
		A53B322F1B541A4500A588B3 /* MrSkunkLevel6.swift */ = {isa = PBXFileReference; fileEncoding = 4; lastKnownFileType = sourcecode.swift; path = MrSkunkLevel6.swift; sourceTree = "<group>"; };
		A53B32301B541A4500A588B3 /* MrSkunkLevel6.sks */ = {isa = PBXFileReference; lastKnownFileType = file.sks; path = MrSkunkLevel6.sks; sourceTree = "<group>"; };
		A54E0B241B51EADC001CC505 /* Level5Back.jpg */ = {isa = PBXFileReference; lastKnownFileType = image.jpeg; name = Level5Back.jpg; path = Art/Level5/Level5Back.jpg; sourceTree = "<group>"; };
		A54E0B271B51EB47001CC505 /* MrSkunkLevel5.swift */ = {isa = PBXFileReference; fileEncoding = 4; lastKnownFileType = sourcecode.swift; path = MrSkunkLevel5.swift; sourceTree = "<group>"; };
		A54E0B291B51EB66001CC505 /* MrSkunkLevel5.sks */ = {isa = PBXFileReference; lastKnownFileType = file.sks; path = MrSkunkLevel5.sks; sourceTree = "<group>"; };
		A54E0B2B1B51ECB2001CC505 /* Arrow.png */ = {isa = PBXFileReference; lastKnownFileType = image.png; name = Arrow.png; path = Art/Level5/Arrow.png; sourceTree = "<group>"; };
		A5554D4B1B3239AE002B06E5 /* QuartzCore.framework */ = {isa = PBXFileReference; lastKnownFileType = wrapper.framework; name = QuartzCore.framework; path = System/Library/Frameworks/QuartzCore.framework; sourceTree = SDKROOT; };
		A556567C1B5178A700B46489 /* MrSkunkLevel4.swift */ = {isa = PBXFileReference; fileEncoding = 4; lastKnownFileType = sourcecode.swift; path = MrSkunkLevel4.swift; sourceTree = "<group>"; };
		A556567F1B5178B800B46489 /* MrSkunkLevel4.sks */ = {isa = PBXFileReference; lastKnownFileType = file.sks; path = MrSkunkLevel4.sks; sourceTree = "<group>"; };
		A55656811B517DA900B46489 /* Level4Back.jpg */ = {isa = PBXFileReference; lastKnownFileType = image.jpeg; name = Level4Back.jpg; path = Art/Level4/Level4Back.jpg; sourceTree = "<group>"; };
		A558C3E21B473FEC00FDBB8B /* RocketShip.svg */ = {isa = PBXFileReference; fileEncoding = 4; lastKnownFileType = text.xml; name = RocketShip.svg; path = Art/RocketShip.svg; sourceTree = "<group>"; };
		A558C3E81B47527100FDBB8B /* AboutViewController.swift */ = {isa = PBXFileReference; fileEncoding = 4; lastKnownFileType = sourcecode.swift; path = AboutViewController.swift; sourceTree = "<group>"; };
		A56915861B4F329C0093B6C2 /* MrSkunkMapView.swift */ = {isa = PBXFileReference; fileEncoding = 4; lastKnownFileType = sourcecode.swift; path = MrSkunkMapView.swift; sourceTree = "<group>"; };
		A56E0ECE1B4DA6D2006F819F /* MrSkunkLevel2.swift */ = {isa = PBXFileReference; fileEncoding = 4; lastKnownFileType = sourcecode.swift; path = MrSkunkLevel2.swift; sourceTree = "<group>"; };
		A56E0ED01B4DA72A006F819F /* MrSkunkLevel2.sks */ = {isa = PBXFileReference; lastKnownFileType = file.sks; path = MrSkunkLevel2.sks; sourceTree = SOURCE_ROOT; };
		A573408F1B557EB4000EFA8D /* Level7Back.jpg */ = {isa = PBXFileReference; lastKnownFileType = image.jpeg; name = Level7Back.jpg; path = Art/Level7/Level7Back.jpg; sourceTree = "<group>"; };
		A57340921B557F04000EFA8D /* MrSkunkLevel7.swift */ = {isa = PBXFileReference; fileEncoding = 4; lastKnownFileType = sourcecode.swift; path = MrSkunkLevel7.swift; sourceTree = "<group>"; };
		A57340941B557F27000EFA8D /* MrSkunkLevel7.sks */ = {isa = PBXFileReference; lastKnownFileType = file.sks; path = MrSkunkLevel7.sks; sourceTree = "<group>"; };
		A5925F541B41CB42000E8FF8 /* MrSkunkViewController.swift */ = {isa = PBXFileReference; fileEncoding = 4; lastKnownFileType = sourcecode.swift; name = MrSkunkViewController.swift; path = ../MrSkunkViewController.swift; sourceTree = "<group>"; };
		A5925F581B41CE7A000E8FF8 /* MrSkunkLevel1.swift */ = {isa = PBXFileReference; fileEncoding = 4; lastKnownFileType = sourcecode.swift; path = MrSkunkLevel1.swift; sourceTree = "<group>"; };
		A595C3DF1B3B0A2E001C6040 /* PaletteViewController.h */ = {isa = PBXFileReference; fileEncoding = 4; lastKnownFileType = sourcecode.c.h; name = PaletteViewController.h; path = ../PaletteViewController.h; sourceTree = "<group>"; };
		A595C3E01B3B0A2E001C6040 /* PaletteViewController.m */ = {isa = PBXFileReference; fileEncoding = 4; lastKnownFileType = sourcecode.c.objc; name = PaletteViewController.m; path = ../PaletteViewController.m; sourceTree = "<group>"; };
		A595C3E21B3B0B53001C6040 /* EmitterTestViewController.h */ = {isa = PBXFileReference; fileEncoding = 4; lastKnownFileType = sourcecode.c.h; path = EmitterTestViewController.h; sourceTree = "<group>"; };
		A595C3E31B3B0B53001C6040 /* EmitterTestViewController.m */ = {isa = PBXFileReference; fileEncoding = 4; lastKnownFileType = sourcecode.c.objc; path = EmitterTestViewController.m; sourceTree = "<group>"; };
		A595C3E91B3B4990001C6040 /* SuperMario256.ttf */ = {isa = PBXFileReference; lastKnownFileType = file; path = SuperMario256.ttf; sourceTree = "<group>"; };
		A5A633D31B4836A900728E65 /* MrSkunk.atlas */ = {isa = PBXFileReference; lastKnownFileType = folder.skatlas; name = MrSkunk.atlas; path = Art/MrSkunk.atlas; sourceTree = SOURCE_ROOT; };
		A5A633D81B48438C00728E65 /* MrSkunkLevel1.sks */ = {isa = PBXFileReference; lastKnownFileType = file.sks; name = MrSkunkLevel1.sks; path = ../MrSkunkLevel1.sks; sourceTree = "<group>"; };
		A5B85EAF1B276636008012F7 /* KidsFun.app */ = {isa = PBXFileReference; explicitFileType = wrapper.application; includeInIndex = 0; path = KidsFun.app; sourceTree = BUILT_PRODUCTS_DIR; };
		A5B85EB31B276636008012F7 /* Info.plist */ = {isa = PBXFileReference; lastKnownFileType = text.plist.xml; path = Info.plist; sourceTree = "<group>"; };
		A5B85EB41B276636008012F7 /* AppDelegate.swift */ = {isa = PBXFileReference; lastKnownFileType = sourcecode.swift; path = AppDelegate.swift; sourceTree = "<group>"; };
		A5B85EBF1B276636008012F7 /* Images.xcassets */ = {isa = PBXFileReference; lastKnownFileType = folder.assetcatalog; path = Images.xcassets; sourceTree = "<group>"; };
		A5B85EC21B276636008012F7 /* Base */ = {isa = PBXFileReference; lastKnownFileType = file.xib; name = Base; path = Base.lproj/LaunchScreen.xib; sourceTree = "<group>"; };
		A5B85EC81B276636008012F7 /* EduFunTests.xctest */ = {isa = PBXFileReference; explicitFileType = wrapper.cfbundle; includeInIndex = 0; path = EduFunTests.xctest; sourceTree = BUILT_PRODUCTS_DIR; };
		A5B85ECD1B276636008012F7 /* Info.plist */ = {isa = PBXFileReference; lastKnownFileType = text.plist.xml; path = Info.plist; sourceTree = "<group>"; };
		A5B85ECE1B276636008012F7 /* EduFunTests.swift */ = {isa = PBXFileReference; lastKnownFileType = sourcecode.swift; path = EduFunTests.swift; sourceTree = "<group>"; };
		A5B85ED81B2767E3008012F7 /* MemoryGameViewController.swift */ = {isa = PBXFileReference; fileEncoding = 4; lastKnownFileType = sourcecode.swift; path = MemoryGameViewController.swift; sourceTree = "<group>"; };
		A5BEBB111B5074CA00C2363C /* YouWin.png */ = {isa = PBXFileReference; lastKnownFileType = image.png; name = YouWin.png; path = Art/YouWin/YouWin.png; sourceTree = "<group>"; };
		A5C4B2981B50250500016C02 /* MrSkunkLevelScene.swift */ = {isa = PBXFileReference; fileEncoding = 4; lastKnownFileType = sourcecode.swift; path = MrSkunkLevelScene.swift; sourceTree = "<group>"; };
		A5C4B29B1B50694E00016C02 /* MrSkunkWinScene.swift */ = {isa = PBXFileReference; fileEncoding = 4; lastKnownFileType = sourcecode.swift; path = MrSkunkWinScene.swift; sourceTree = "<group>"; };
		A5C4B29E1B506D6800016C02 /* MrSkunkWinScene.sks */ = {isa = PBXFileReference; lastKnownFileType = file.sks; path = MrSkunkWinScene.sks; sourceTree = "<group>"; };
		A5C4B2A01B506FCA00016C02 /* YouWinBack.jpg */ = {isa = PBXFileReference; lastKnownFileType = image.jpeg; name = YouWinBack.jpg; path = Art/YouWin/YouWinBack.jpg; sourceTree = "<group>"; };
		A5C957161B542E6400E8BC50 /* Level6Back.jpg */ = {isa = PBXFileReference; lastKnownFileType = image.jpeg; name = Level6Back.jpg; path = Art/Level6/Level6Back.jpg; sourceTree = "<group>"; };
		A5C957181B5440FA00E8BC50 /* Level1Back.jpg */ = {isa = PBXFileReference; lastKnownFileType = image.jpeg; name = Level1Back.jpg; path = Art/Level1/Level1Back.jpg; sourceTree = "<group>"; };
		A5CA0F4D1B2F64CA008BD79D /* UIImage+Resize.h */ = {isa = PBXFileReference; fileEncoding = 4; lastKnownFileType = sourcecode.c.h; name = "UIImage+Resize.h"; path = "Art/UIImage+Resize.h"; sourceTree = "<group>"; };
		A5CA0F4E1B2F64CA008BD79D /* UIImage+Resize.m */ = {isa = PBXFileReference; fileEncoding = 4; lastKnownFileType = sourcecode.c.objc; name = "UIImage+Resize.m"; path = "Art/UIImage+Resize.m"; sourceTree = "<group>"; };
		A5CA0F501B2F67FA008BD79D /* UIImage+Resize.h */ = {isa = PBXFileReference; fileEncoding = 4; lastKnownFileType = sourcecode.c.h; name = "UIImage+Resize.h"; path = "Art/UIImage+Resize.h"; sourceTree = "<group>"; };
		A5CA0F511B2F67FA008BD79D /* UIImage+Resize.m */ = {isa = PBXFileReference; fileEncoding = 4; lastKnownFileType = sourcecode.c.objc; name = "UIImage+Resize.m"; path = "Art/UIImage+Resize.m"; sourceTree = "<group>"; };
		A5CA0F521B2F67FA008BD79D /* UIImage+RoundedCorner.h */ = {isa = PBXFileReference; fileEncoding = 4; lastKnownFileType = sourcecode.c.h; name = "UIImage+RoundedCorner.h"; path = "Art/UIImage+RoundedCorner.h"; sourceTree = "<group>"; };
		A5CA0F531B2F67FA008BD79D /* UIImage+RoundedCorner.m */ = {isa = PBXFileReference; fileEncoding = 4; lastKnownFileType = sourcecode.c.objc; name = "UIImage+RoundedCorner.m"; path = "Art/UIImage+RoundedCorner.m"; sourceTree = "<group>"; };
		A5CA2C371B4F550600FD614B /* Lock.png */ = {isa = PBXFileReference; lastKnownFileType = image.png; name = Lock.png; path = Art/Lock.png; sourceTree = "<group>"; };
		A5CA2C381B4F550600FD614B /* MapBlank.png */ = {isa = PBXFileReference; lastKnownFileType = image.png; name = MapBlank.png; path = Art/MapBlank.png; sourceTree = "<group>"; };
		A5CBB8FB1B4DF17500A446FE /* MrSkunkLevel3.swift */ = {isa = PBXFileReference; fileEncoding = 4; lastKnownFileType = sourcecode.swift; path = MrSkunkLevel3.swift; sourceTree = "<group>"; };
		A5CBB8FE1B4DF18A00A446FE /* MrSkunkLevel3.sks */ = {isa = PBXFileReference; lastKnownFileType = file.sks; path = MrSkunkLevel3.sks; sourceTree = "<group>"; };
		A5CBB9001B4DFC0500A446FE /* Level3Back.jpg */ = {isa = PBXFileReference; lastKnownFileType = image.jpeg; name = Level3Back.jpg; path = Art/Level3/Level3Back.jpg; sourceTree = "<group>"; };
		A5CBB9021B4E001800A446FE /* Level2Back.jpg */ = {isa = PBXFileReference; lastKnownFileType = image.jpeg; name = Level2Back.jpg; path = Art/Level2/Level2Back.jpg; sourceTree = "<group>"; };
		A5DB888D1B3B707D00B8CA08 /* THLabel.h */ = {isa = PBXFileReference; fileEncoding = 4; lastKnownFileType = sourcecode.c.h; path = THLabel.h; sourceTree = "<group>"; };
		A5DB888E1B3B707D00B8CA08 /* THLabel.m */ = {isa = PBXFileReference; fileEncoding = 4; lastKnownFileType = sourcecode.c.objc; path = THLabel.m; sourceTree = "<group>"; };
		A5E3C59F1B4AF9E5000D023F /* ASAttributedLabelNode.swift */ = {isa = PBXFileReference; fileEncoding = 4; lastKnownFileType = sourcecode.swift; name = ASAttributedLabelNode.swift; path = ../ASAttributedLabelNode/ASAttributedLabelNode.swift; sourceTree = "<group>"; };
		A5EB8DF41B3CC765009A8A3A /* THButton.swift */ = {isa = PBXFileReference; fileEncoding = 4; lastKnownFileType = sourcecode.swift; path = THButton.swift; sourceTree = "<group>"; };
		A5EB8DF71B3CCF39009A8A3A /* Global.swift */ = {isa = PBXFileReference; fileEncoding = 4; lastKnownFileType = sourcecode.swift; path = Global.swift; sourceTree = "<group>"; };
		A5EBCCC41B361F0E006E52D6 /* mtnHouse.svg */ = {isa = PBXFileReference; fileEncoding = 4; lastKnownFileType = text.xml; name = mtnHouse.svg; path = EduFun/mtnHouse.svg; sourceTree = "<group>"; };
/* End PBXFileReference section */

/* Begin PBXFrameworksBuildPhase section */
		A5B85EAC1B276636008012F7 /* Frameworks */ = {
			isa = PBXFrameworksBuildPhase;
			buildActionMask = 2147483647;
			files = (
				A53600621B351EAC00443B93 /* SVGKit.framework in Frameworks */,
				A5554D4C1B3239AE002B06E5 /* QuartzCore.framework in Frameworks */,
			);
			runOnlyForDeploymentPostprocessing = 0;
		};
		A5B85EC51B276636008012F7 /* Frameworks */ = {
			isa = PBXFrameworksBuildPhase;
			buildActionMask = 2147483647;
			files = (
			);
			runOnlyForDeploymentPostprocessing = 0;
		};
/* End PBXFrameworksBuildPhase section */

/* Begin PBXGroup section */
		A53600561B351E0600443B93 /* Products */ = {
			isa = PBXGroup;
			children = (
				A536005B1B351E0600443B93 /* SVGKit.framework */,
				A536005D1B351E0600443B93 /* SVGKitTests.xctest */,
			);
			name = Products;
			sourceTree = "<group>";
		};
		A536FDFD1B35071500443B93 /* Frameworks */ = {
			isa = PBXGroup;
			children = (
				A53600551B351E0600443B93 /* SVGKit.xcodeproj */,
				A5554D4B1B3239AE002B06E5 /* QuartzCore.framework */,
			);
			name = Frameworks;
			sourceTree = "<group>";
		};
		A595C3E61B3B4902001C6040 /* Resources */ = {
			isa = PBXGroup;
			children = (
				A5A633D51B4842CC00728E65 /* MrSkunkLevels */,
				A595C3E81B3B4924001C6040 /* Vector */,
				A595C3E71B3B490B001C6040 /* Fonts */,
			);
			name = Resources;
			sourceTree = "<group>";
		};
		A595C3E71B3B490B001C6040 /* Fonts */ = {
			isa = PBXGroup;
			children = (
				A595C3E91B3B4990001C6040 /* SuperMario256.ttf */,
			);
			name = Fonts;
			sourceTree = "<group>";
		};
		A595C3E81B3B4924001C6040 /* Vector */ = {
			isa = PBXGroup;
			children = (
				A558C3E21B473FEC00FDBB8B /* RocketShip.svg */,
				A5EBCCC41B361F0E006E52D6 /* mtnHouse.svg */,
				A509E26C1B4ADD77009ACAB5 /* Unicorn.svg */,
			);
			name = Vector;
			sourceTree = "<group>";
		};
		A5A633D51B4842CC00728E65 /* MrSkunkLevels */ = {
			isa = PBXGroup;
			children = (
				A573408F1B557EB4000EFA8D /* Level7Back.jpg */,
				A5C957161B542E6400E8BC50 /* Level6Back.jpg */,
				A54E0B241B51EADC001CC505 /* Level5Back.jpg */,
				A55656811B517DA900B46489 /* Level4Back.jpg */,
				A5CBB9001B4DFC0500A446FE /* Level3Back.jpg */,
				A5CBB9021B4E001800A446FE /* Level2Back.jpg */,
				A5C957181B5440FA00E8BC50 /* Level1Back.jpg */,
				A5C4B2A01B506FCA00016C02 /* YouWinBack.jpg */,
				A5CA2C371B4F550600FD614B /* Lock.png */,
				A5CA2C381B4F550600FD614B /* MapBlank.png */,
				A5BEBB111B5074CA00C2363C /* YouWin.png */,
				A54E0B2B1B51ECB2001CC505 /* Arrow.png */,
			);
			name = MrSkunkLevels;
			sourceTree = "<group>";
		};
		A5B85EA61B276636008012F7 = {
			isa = PBXGroup;
			children = (
				A595C3E61B3B4902001C6040 /* Resources */,
				A5E3C5A21B4AF9F0000D023F /* ThirdParty */,
				A5B85EB11B276636008012F7 /* EduFun */,
				A536FDFD1B35071500443B93 /* Frameworks */,
				A5B85ECB1B276636008012F7 /* EduFunTests */,
				A5B85EB01B276636008012F7 /* Products */,
			);
			sourceTree = "<group>";
		};
		A5B85EB01B276636008012F7 /* Products */ = {
			isa = PBXGroup;
			children = (
				A5B85EAF1B276636008012F7 /* KidsFun.app */,
				A5B85EC81B276636008012F7 /* EduFunTests.xctest */,
			);
			name = Products;
			sourceTree = "<group>";
		};
		A5B85EB11B276636008012F7 /* EduFun */ = {
			isa = PBXGroup;
			children = (
				A5112C0E1B2D030200215DA2 /* Header.h */,
				A5EB8DF71B3CCF39009A8A3A /* Global.swift */,
				A5B85EB41B276636008012F7 /* AppDelegate.swift */,
				A524752C1B3E0A26002E0B7B /* TitleScreenViewController.swift */,
				A5B85ED81B2767E3008012F7 /* MemoryGameViewController.swift */,
				A5C4B29D1B506D3F00016C02 /* MrSkunk */,
				A558C3E81B47527100FDBB8B /* AboutViewController.swift */,
				A5A633D31B4836A900728E65 /* MrSkunk.atlas */,
				A5B85EBF1B276636008012F7 /* Images.xcassets */,
				A536FE721B350D2C00443B93 /* ColoringBookViewController.h */,
				A536FE731B350D2C00443B93 /* ColoringBookViewController.m */,
				A595C3DF1B3B0A2E001C6040 /* PaletteViewController.h */,
				A595C3E01B3B0A2E001C6040 /* PaletteViewController.m */,
				A532ADE01B27959F00A46930 /* Card.swift */,
				A5EB8DF41B3CC765009A8A3A /* THButton.swift */,
				A595C3E21B3B0B53001C6040 /* EmitterTestViewController.h */,
				A595C3E31B3B0B53001C6040 /* EmitterTestViewController.m */,
				A5B85EC11B276636008012F7 /* LaunchScreen.xib */,
				A5B85EB21B276636008012F7 /* Supporting Files */,
			);
			path = EduFun;
			sourceTree = "<group>";
		};
		A5B85EB21B276636008012F7 /* Supporting Files */ = {
			isa = PBXGroup;
			children = (
				A5B85EB31B276636008012F7 /* Info.plist */,
			);
			name = "Supporting Files";
			sourceTree = "<group>";
		};
		A5B85ECB1B276636008012F7 /* EduFunTests */ = {
			isa = PBXGroup;
			children = (
				A5B85ECE1B276636008012F7 /* EduFunTests.swift */,
				A5B85ECC1B276636008012F7 /* Supporting Files */,
			);
			path = EduFunTests;
			sourceTree = "<group>";
		};
		A5B85ECC1B276636008012F7 /* Supporting Files */ = {
			isa = PBXGroup;
			children = (
				A5B85ECD1B276636008012F7 /* Info.plist */,
			);
			name = "Supporting Files";
			sourceTree = "<group>";
		};
		A5C4B29D1B506D3F00016C02 /* MrSkunk */ = {
			isa = PBXGroup;
			children = (
				A5925F541B41CB42000E8FF8 /* MrSkunkViewController.swift */,
				A56915861B4F329C0093B6C2 /* MrSkunkMapView.swift */,
				A5C4B2981B50250500016C02 /* MrSkunkLevelScene.swift */,
				A5925F581B41CE7A000E8FF8 /* MrSkunkLevel1.swift */,
				A5A633D81B48438C00728E65 /* MrSkunkLevel1.sks */,
				A56E0ECE1B4DA6D2006F819F /* MrSkunkLevel2.swift */,
				A56E0ED01B4DA72A006F819F /* MrSkunkLevel2.sks */,
				A5CBB8FB1B4DF17500A446FE /* MrSkunkLevel3.swift */,
				A5CBB8FE1B4DF18A00A446FE /* MrSkunkLevel3.sks */,
				A556567C1B5178A700B46489 /* MrSkunkLevel4.swift */,
				A556567F1B5178B800B46489 /* MrSkunkLevel4.sks */,
				A54E0B271B51EB47001CC505 /* MrSkunkLevel5.swift */,
				A54E0B291B51EB66001CC505 /* MrSkunkLevel5.sks */,
				A53B322F1B541A4500A588B3 /* MrSkunkLevel6.swift */,
				A53B32301B541A4500A588B3 /* MrSkunkLevel6.sks */,
				A57340921B557F04000EFA8D /* MrSkunkLevel7.swift */,
				A57340941B557F27000EFA8D /* MrSkunkLevel7.sks */,
				A5C4B29B1B50694E00016C02 /* MrSkunkWinScene.swift */,
				A5C4B29E1B506D6800016C02 /* MrSkunkWinScene.sks */,
			);
			name = MrSkunk;
			sourceTree = "<group>";
		};
		A5E3C5A21B4AF9F0000D023F /* ThirdParty */ = {
			isa = PBXGroup;
			children = (
				A5DB888D1B3B707D00B8CA08 /* THLabel.h */,
				A5DB888E1B3B707D00B8CA08 /* THLabel.m */,
				A5CA0F531B2F67FA008BD79D /* UIImage+RoundedCorner.m */,
				A5CA0F4D1B2F64CA008BD79D /* UIImage+Resize.h */,
				A5CA0F4E1B2F64CA008BD79D /* UIImage+Resize.m */,
				A5CA0F501B2F67FA008BD79D /* UIImage+Resize.h */,
				A5CA0F511B2F67FA008BD79D /* UIImage+Resize.m */,
				A5CA0F521B2F67FA008BD79D /* UIImage+RoundedCorner.h */,
				A5112C141B2D0E7F00215DA2 /* OBShapedView.h */,
				A5112C151B2D0E7F00215DA2 /* OBShapedView.m */,
				A5112C041B2D018D00215DA2 /* OBShapedButton.h */,
				A5112C051B2D019F00215DA2 /* OBShapedButton.m */,
				A5112C061B2D019F00215DA2 /* UIImage+ColorAtPixel.h */,
				A5112C071B2D019F00215DA2 /* UIImage+ColorAtPixel.m */,
				A5E3C59F1B4AF9E5000D023F /* ASAttributedLabelNode.swift */,
			);
			name = ThirdParty;
			sourceTree = "<group>";
		};
/* End PBXGroup section */

/* Begin PBXNativeTarget section */
		A5B85EAE1B276636008012F7 /* KidsFun */ = {
			isa = PBXNativeTarget;
			buildConfigurationList = A5B85ED21B276636008012F7 /* Build configuration list for PBXNativeTarget "KidsFun" */;
			buildPhases = (
				A5B85EAB1B276636008012F7 /* Sources */,
				A5B85EAC1B276636008012F7 /* Frameworks */,
				A5B85EAD1B276636008012F7 /* Resources */,
				A53600661B351EAC00443B93 /* Embed Frameworks */,
			);
			buildRules = (
			);
			dependencies = (
				A53600651B351EAC00443B93 /* PBXTargetDependency */,
			);
			name = KidsFun;
			productName = EduFun;
			productReference = A5B85EAF1B276636008012F7 /* KidsFun.app */;
			productType = "com.apple.product-type.application";
		};
		A5B85EC71B276636008012F7 /* EduFunTests */ = {
			isa = PBXNativeTarget;
			buildConfigurationList = A5B85ED51B276636008012F7 /* Build configuration list for PBXNativeTarget "EduFunTests" */;
			buildPhases = (
				A5B85EC41B276636008012F7 /* Sources */,
				A5B85EC51B276636008012F7 /* Frameworks */,
				A5B85EC61B276636008012F7 /* Resources */,
			);
			buildRules = (
			);
			dependencies = (
				A5B85ECA1B276636008012F7 /* PBXTargetDependency */,
			);
			name = EduFunTests;
			productName = EduFunTests;
			productReference = A5B85EC81B276636008012F7 /* EduFunTests.xctest */;
			productType = "com.apple.product-type.bundle.unit-test";
		};
/* End PBXNativeTarget section */

/* Begin PBXProject section */
		A5B85EA71B276636008012F7 /* Project object */ = {
			isa = PBXProject;
			attributes = {
				LastSwiftMigration = 0710;
				LastSwiftUpdateCheck = 0710;
				LastUpgradeCheck = 0630;
				ORGANIZATIONNAME = DougsApps;
				TargetAttributes = {
					A5B85EAE1B276636008012F7 = {
						CreatedOnToolsVersion = 6.3;
						DevelopmentTeam = KR64YVZD26;
					};
					A5B85EC71B276636008012F7 = {
						CreatedOnToolsVersion = 6.3;
						TestTargetID = A5B85EAE1B276636008012F7;
					};
				};
			};
			buildConfigurationList = A5B85EAA1B276636008012F7 /* Build configuration list for PBXProject "EduFun" */;
			compatibilityVersion = "Xcode 3.2";
			developmentRegion = English;
			hasScannedForEncodings = 0;
			knownRegions = (
				English,
				en,
				Base,
			);
			mainGroup = A5B85EA61B276636008012F7;
			productRefGroup = A5B85EB01B276636008012F7 /* Products */;
			projectDirPath = "";
			projectReferences = (
				{
					ProductGroup = A53600561B351E0600443B93 /* Products */;
					ProjectRef = A53600551B351E0600443B93 /* SVGKit.xcodeproj */;
				},
			);
			projectRoot = "";
			targets = (
				A5B85EAE1B276636008012F7 /* KidsFun */,
				A5B85EC71B276636008012F7 /* EduFunTests */,
			);
		};
/* End PBXProject section */

/* Begin PBXReferenceProxy section */
		A536005B1B351E0600443B93 /* SVGKit.framework */ = {
			isa = PBXReferenceProxy;
			fileType = wrapper.framework;
			path = SVGKit.framework;
			remoteRef = A536005A1B351E0600443B93 /* PBXContainerItemProxy */;
			sourceTree = BUILT_PRODUCTS_DIR;
		};
		A536005D1B351E0600443B93 /* SVGKitTests.xctest */ = {
			isa = PBXReferenceProxy;
			fileType = wrapper.cfbundle;
			path = SVGKitTests.xctest;
			remoteRef = A536005C1B351E0600443B93 /* PBXContainerItemProxy */;
			sourceTree = BUILT_PRODUCTS_DIR;
		};
/* End PBXReferenceProxy section */

/* Begin PBXResourcesBuildPhase section */
		A5B85EAD1B276636008012F7 /* Resources */ = {
			isa = PBXResourcesBuildPhase;
			buildActionMask = 2147483647;
			files = (
				A595C3EA1B3B4990001C6040 /* SuperMario256.ttf in Resources */,
				A56E0ED11B4DA72A006F819F /* MrSkunkLevel2.sks in Resources */,
				A55656821B517DA900B46489 /* Level4Back.jpg in Resources */,
				A5CBB8FF1B4DF18A00A446FE /* MrSkunkLevel3.sks in Resources */,
				A5B85EC31B276636008012F7 /* LaunchScreen.xib in Resources */,
				A57340901B557EB4000EFA8D /* Level7Back.jpg in Resources */,
				A5B85EC01B276636008012F7 /* Images.xcassets in Resources */,
				A5C957191B5440FA00E8BC50 /* Level1Back.jpg in Resources */,
				A5CBB9011B4DFC0500A446FE /* Level3Back.jpg in Resources */,
				A5BEBB121B5074CA00C2363C /* YouWin.png in Resources */,
				A54E0B2C1B51ECB2001CC505 /* Arrow.png in Resources */,
				A5C4B29F1B506D6800016C02 /* MrSkunkWinScene.sks in Resources */,
				A5C4B2A11B506FCA00016C02 /* YouWinBack.jpg in Resources */,
				A5A633D91B48438C00728E65 /* MrSkunkLevel1.sks in Resources */,
				A5CA2C3A1B4F550600FD614B /* MapBlank.png in Resources */,
				A509E26D1B4ADD77009ACAB5 /* Unicorn.svg in Resources */,
				A54E0B251B51EADC001CC505 /* Level5Back.jpg in Resources */,
				A55656801B5178B800B46489 /* MrSkunkLevel4.sks in Resources */,
				A53B32321B541A4500A588B3 /* MrSkunkLevel6.sks in Resources */,
				A5EBCCC51B361F0E006E52D6 /* mtnHouse.svg in Resources */,
				A5C957171B542E6400E8BC50 /* Level6Back.jpg in Resources */,
				A5CA2C391B4F550600FD614B /* Lock.png in Resources */,
				A54E0B2A1B51EB66001CC505 /* MrSkunkLevel5.sks in Resources */,
				A57340951B557F27000EFA8D /* MrSkunkLevel7.sks in Resources */,
				A558C3E31B473FEC00FDBB8B /* RocketShip.svg in Resources */,
				A5CBB9031B4E001800A446FE /* Level2Back.jpg in Resources */,
				A5A633D41B4836A900728E65 /* MrSkunk.atlas in Resources */,
			);
			runOnlyForDeploymentPostprocessing = 0;
		};
		A5B85EC61B276636008012F7 /* Resources */ = {
			isa = PBXResourcesBuildPhase;
			buildActionMask = 2147483647;
			files = (
			);
			runOnlyForDeploymentPostprocessing = 0;
		};
/* End PBXResourcesBuildPhase section */

/* Begin PBXSourcesBuildPhase section */
		A5B85EAB1B276636008012F7 /* Sources */ = {
			isa = PBXSourcesBuildPhase;
			buildActionMask = 2147483647;
			files = (
				A5E3C5A01B4AF9E5000D023F /* ASAttributedLabelNode.swift in Sources */,
				A5112C161B2D0E7F00215DA2 /* OBShapedView.m in Sources */,
				A5DB888F1B3B707D00B8CA08 /* THLabel.m in Sources */,
				A5C4B2991B50250500016C02 /* MrSkunkLevelScene.swift in Sources */,
				A532ADE11B27959F00A46930 /* Card.swift in Sources */,
				A5C4B29C1B50694E00016C02 /* MrSkunkWinScene.swift in Sources */,
				A5112C091B2D019F00215DA2 /* UIImage+ColorAtPixel.m in Sources */,
				A5CA0F4F1B2F64CA008BD79D /* UIImage+Resize.m in Sources */,
				A57340931B557F04000EFA8D /* MrSkunkLevel7.swift in Sources */,
				A5CBB8FC1B4DF17500A446FE /* MrSkunkLevel3.swift in Sources */,
				A556567D1B5178A700B46489 /* MrSkunkLevel4.swift in Sources */,
				A56E0ECF1B4DA6D2006F819F /* MrSkunkLevel2.swift in Sources */,
				A536FE771B350D2C00443B93 /* ColoringBookViewController.m in Sources */,
				A595C3E11B3B0A2E001C6040 /* PaletteViewController.m in Sources */,
				A5925F551B41CB42000E8FF8 /* MrSkunkViewController.swift in Sources */,
				A5CA0F551B2F67FA008BD79D /* UIImage+RoundedCorner.m in Sources */,
				A558C3E91B47527100FDBB8B /* AboutViewController.swift in Sources */,
				A5EB8DF81B3CCF39009A8A3A /* Global.swift in Sources */,
				A5B85EB51B276636008012F7 /* AppDelegate.swift in Sources */,
				A5112C081B2D019F00215DA2 /* OBShapedButton.m in Sources */,
				A56915871B4F329C0093B6C2 /* MrSkunkMapView.swift in Sources */,
				A524752D1B3E0A26002E0B7B /* TitleScreenViewController.swift in Sources */,
				A54E0B281B51EB47001CC505 /* MrSkunkLevel5.swift in Sources */,
				A5CA0F541B2F67FA008BD79D /* UIImage+Resize.m in Sources */,
				A53B32311B541A4500A588B3 /* MrSkunkLevel6.swift in Sources */,
				A5EB8DF51B3CC765009A8A3A /* THButton.swift in Sources */,
				A5925F591B41CE7A000E8FF8 /* MrSkunkLevel1.swift in Sources */,
				A5B85ED91B2767E3008012F7 /* MemoryGameViewController.swift in Sources */,
				A595C3E41B3B0B53001C6040 /* EmitterTestViewController.m in Sources */,
			);
			runOnlyForDeploymentPostprocessing = 0;
		};
		A5B85EC41B276636008012F7 /* Sources */ = {
			isa = PBXSourcesBuildPhase;
			buildActionMask = 2147483647;
			files = (
				A5B85ECF1B276636008012F7 /* EduFunTests.swift in Sources */,
			);
			runOnlyForDeploymentPostprocessing = 0;
		};
/* End PBXSourcesBuildPhase section */

/* Begin PBXTargetDependency section */
		A53600651B351EAC00443B93 /* PBXTargetDependency */ = {
			isa = PBXTargetDependency;
			name = SVGKit;
			targetProxy = A53600641B351EAC00443B93 /* PBXContainerItemProxy */;
		};
		A5B85ECA1B276636008012F7 /* PBXTargetDependency */ = {
			isa = PBXTargetDependency;
			target = A5B85EAE1B276636008012F7 /* KidsFun */;
			targetProxy = A5B85EC91B276636008012F7 /* PBXContainerItemProxy */;
		};
/* End PBXTargetDependency section */

/* Begin PBXVariantGroup section */
		A5B85EC11B276636008012F7 /* LaunchScreen.xib */ = {
			isa = PBXVariantGroup;
			children = (
				A5B85EC21B276636008012F7 /* Base */,
			);
			name = LaunchScreen.xib;
			sourceTree = "<group>";
		};
/* End PBXVariantGroup section */

/* Begin XCBuildConfiguration section */
		A5B85ED01B276636008012F7 /* Debug */ = {
			isa = XCBuildConfiguration;
			buildSettings = {
				ALWAYS_SEARCH_USER_PATHS = NO;
				CLANG_CXX_LANGUAGE_STANDARD = "gnu++0x";
				CLANG_CXX_LIBRARY = "libc++";
				CLANG_ENABLE_MODULES = YES;
				CLANG_ENABLE_OBJC_ARC = YES;
				CLANG_WARN_BOOL_CONVERSION = YES;
				CLANG_WARN_CONSTANT_CONVERSION = YES;
				CLANG_WARN_DIRECT_OBJC_ISA_USAGE = YES_ERROR;
				CLANG_WARN_EMPTY_BODY = YES;
				CLANG_WARN_ENUM_CONVERSION = YES;
				CLANG_WARN_INT_CONVERSION = YES;
				CLANG_WARN_OBJC_ROOT_CLASS = YES_ERROR;
				CLANG_WARN_UNREACHABLE_CODE = YES;
				CLANG_WARN__DUPLICATE_METHOD_MATCH = YES;
				"CODE_SIGN_IDENTITY[sdk=iphoneos*]" = "iPhone Developer";
				COPY_PHASE_STRIP = NO;
				DEBUG_INFORMATION_FORMAT = "dwarf-with-dsym";
				ENABLE_STRICT_OBJC_MSGSEND = YES;
				GCC_C_LANGUAGE_STANDARD = gnu99;
				GCC_DYNAMIC_NO_PIC = NO;
				GCC_NO_COMMON_BLOCKS = YES;
				GCC_OPTIMIZATION_LEVEL = 0;
				GCC_PREPROCESSOR_DEFINITIONS = (
					"DEBUG=1",
					"$(inherited)",
				);
				GCC_SYMBOLS_PRIVATE_EXTERN = NO;
				GCC_WARN_64_TO_32_BIT_CONVERSION = YES;
				GCC_WARN_ABOUT_RETURN_TYPE = YES_ERROR;
				GCC_WARN_UNDECLARED_SELECTOR = YES;
				GCC_WARN_UNINITIALIZED_AUTOS = YES_AGGRESSIVE;
				GCC_WARN_UNUSED_FUNCTION = YES;
				GCC_WARN_UNUSED_VARIABLE = YES;
				IPHONEOS_DEPLOYMENT_TARGET = 8.0;
				MTL_ENABLE_DEBUG_INFO = YES;
				ONLY_ACTIVE_ARCH = YES;
				SDKROOT = iphoneos;
				SWIFT_OPTIMIZATION_LEVEL = "-Onone";
				SWIFT_VERSION = 5.0;
				TARGETED_DEVICE_FAMILY = "1,2";
			};
			name = Debug;
		};
		A5B85ED11B276636008012F7 /* Release */ = {
			isa = XCBuildConfiguration;
			buildSettings = {
				ALWAYS_SEARCH_USER_PATHS = NO;
				CLANG_CXX_LANGUAGE_STANDARD = "gnu++0x";
				CLANG_CXX_LIBRARY = "libc++";
				CLANG_ENABLE_MODULES = YES;
				CLANG_ENABLE_OBJC_ARC = YES;
				CLANG_WARN_BOOL_CONVERSION = YES;
				CLANG_WARN_CONSTANT_CONVERSION = YES;
				CLANG_WARN_DIRECT_OBJC_ISA_USAGE = YES_ERROR;
				CLANG_WARN_EMPTY_BODY = YES;
				CLANG_WARN_ENUM_CONVERSION = YES;
				CLANG_WARN_INT_CONVERSION = YES;
				CLANG_WARN_OBJC_ROOT_CLASS = YES_ERROR;
				CLANG_WARN_UNREACHABLE_CODE = YES;
				CLANG_WARN__DUPLICATE_METHOD_MATCH = YES;
				"CODE_SIGN_IDENTITY[sdk=iphoneos*]" = "iPhone Developer";
				COPY_PHASE_STRIP = NO;
				DEBUG_INFORMATION_FORMAT = "dwarf-with-dsym";
				ENABLE_NS_ASSERTIONS = NO;
				ENABLE_STRICT_OBJC_MSGSEND = YES;
				GCC_C_LANGUAGE_STANDARD = gnu99;
				GCC_NO_COMMON_BLOCKS = YES;
				GCC_WARN_64_TO_32_BIT_CONVERSION = YES;
				GCC_WARN_ABOUT_RETURN_TYPE = YES_ERROR;
				GCC_WARN_UNDECLARED_SELECTOR = YES;
				GCC_WARN_UNINITIALIZED_AUTOS = YES_AGGRESSIVE;
				GCC_WARN_UNUSED_FUNCTION = YES;
				GCC_WARN_UNUSED_VARIABLE = YES;
				IPHONEOS_DEPLOYMENT_TARGET = 8.0;
				MTL_ENABLE_DEBUG_INFO = NO;
				SDKROOT = iphoneos;
				SWIFT_VERSION = 5.0;
				TARGETED_DEVICE_FAMILY = "1,2";
				VALIDATE_PRODUCT = YES;
			};
			name = Release;
		};
		A5B85ED31B276636008012F7 /* Debug */ = {
			isa = XCBuildConfiguration;
			buildSettings = {
				ASSETCATALOG_COMPILER_APPICON_NAME = AppIcon;
				CODE_SIGN_IDENTITY = "iPhone Developer";
				FRAMEWORK_SEARCH_PATHS = (
					"$(inherited)",
					"$(PROJECT_DIR)",
				);
				INFOPLIST_FILE = EduFun/Info.plist;
				IPHONEOS_DEPLOYMENT_TARGET = 8.0;
				LD_RUNPATH_SEARCH_PATHS = "$(inherited) @executable_path/Frameworks";
				LIBRARY_SEARCH_PATHS = (
					"$(inherited)",
					"$(PROJECT_DIR)/SVGKit",
				);
				New_Setting = "";
				PRODUCT_NAME = "$(TARGET_NAME)";
				SWIFT_OBJC_BRIDGING_HEADER = Header.h;
				SWIFT_VERSION = 5.0;
			};
			name = Debug;
		};
		A5B85ED41B276636008012F7 /* Release */ = {
			isa = XCBuildConfiguration;
			buildSettings = {
				ASSETCATALOG_COMPILER_APPICON_NAME = AppIcon;
				CODE_SIGN_IDENTITY = "iPhone Developer";
				FRAMEWORK_SEARCH_PATHS = (
					"$(inherited)",
					"$(PROJECT_DIR)",
				);
				INFOPLIST_FILE = EduFun/Info.plist;
				IPHONEOS_DEPLOYMENT_TARGET = 8.0;
				LD_RUNPATH_SEARCH_PATHS = "$(inherited) @executable_path/Frameworks";
				LIBRARY_SEARCH_PATHS = (
					"$(inherited)",
					"$(PROJECT_DIR)/SVGKit",
				);
				New_Setting = "";
				PRODUCT_NAME = "$(TARGET_NAME)";
				SWIFT_OBJC_BRIDGING_HEADER = Header.h;
				SWIFT_VERSION = 5.0;
			};
			name = Release;
		};
		A5B85ED61B276636008012F7 /* Debug */ = {
			isa = XCBuildConfiguration;
			buildSettings = {
				BUNDLE_LOADER = "$(TEST_HOST)";
				FRAMEWORK_SEARCH_PATHS = (
					"$(SDKROOT)/Developer/Library/Frameworks",
					"$(inherited)",
				);
				GCC_PREPROCESSOR_DEFINITIONS = (
					"DEBUG=1",
					"$(inherited)",
				);
				INFOPLIST_FILE = EduFunTests/Info.plist;
				LD_RUNPATH_SEARCH_PATHS = "$(inherited) @executable_path/Frameworks @loader_path/Frameworks";
				PRODUCT_NAME = "$(TARGET_NAME)";
				TEST_HOST = "$(BUILT_PRODUCTS_DIR)/EduFun.app/EduFun";
			};
			name = Debug;
		};
		A5B85ED71B276636008012F7 /* Release */ = {
			isa = XCBuildConfiguration;
			buildSettings = {
				BUNDLE_LOADER = "$(TEST_HOST)";
				FRAMEWORK_SEARCH_PATHS = (
					"$(SDKROOT)/Developer/Library/Frameworks",
					"$(inherited)",
				);
				INFOPLIST_FILE = EduFunTests/Info.plist;
				LD_RUNPATH_SEARCH_PATHS = "$(inherited) @executable_path/Frameworks @loader_path/Frameworks";
				PRODUCT_NAME = "$(TARGET_NAME)";
				TEST_HOST = "$(BUILT_PRODUCTS_DIR)/EduFun.app/EduFun";
			};
			name = Release;
		};
/* End XCBuildConfiguration section */

/* Begin XCConfigurationList section */
		A5B85EAA1B276636008012F7 /* Build configuration list for PBXProject "EduFun" */ = {
			isa = XCConfigurationList;
			buildConfigurations = (
				A5B85ED01B276636008012F7 /* Debug */,
				A5B85ED11B276636008012F7 /* Release */,
			);
			defaultConfigurationIsVisible = 0;
			defaultConfigurationName = Release;
		};
		A5B85ED21B276636008012F7 /* Build configuration list for PBXNativeTarget "KidsFun" */ = {
			isa = XCConfigurationList;
			buildConfigurations = (
				A5B85ED31B276636008012F7 /* Debug */,
				A5B85ED41B276636008012F7 /* Release */,
			);
			defaultConfigurationIsVisible = 0;
			defaultConfigurationName = Release;
		};
		A5B85ED51B276636008012F7 /* Build configuration list for PBXNativeTarget "EduFunTests" */ = {
			isa = XCConfigurationList;
			buildConfigurations = (
				A5B85ED61B276636008012F7 /* Debug */,
				A5B85ED71B276636008012F7 /* Release */,
			);
			defaultConfigurationIsVisible = 0;
			defaultConfigurationName = Release;
		};
/* End XCConfigurationList section */
	};
	rootObject = A5B85EA71B276636008012F7 /* Project object */;
}
